// !$*UTF8*$!
{
	archiveVersion = 1;
	classes = {
	};
	objectVersion = 56;
	objects = {

/* Begin PBXBuildFile section */
		435402F429835705005FE57E /* AppDelegate.swift in Sources */ = {isa = PBXBuildFile; fileRef = 435402F329835705005FE57E /* AppDelegate.swift */; };
		435402F629835705005FE57E /* SceneDelegate.swift in Sources */ = {isa = PBXBuildFile; fileRef = 435402F529835705005FE57E /* SceneDelegate.swift */; };
		435402F829835705005FE57E /* StormViewController.swift in Sources */ = {isa = PBXBuildFile; fileRef = 435402F729835705005FE57E /* StormViewController.swift */; };
		435402FB29835705005FE57E /* Main.storyboard in Resources */ = {isa = PBXBuildFile; fileRef = 435402F929835705005FE57E /* Main.storyboard */; };
		435402FD29835707005FE57E /* Assets.xcassets in Resources */ = {isa = PBXBuildFile; fileRef = 435402FC29835707005FE57E /* Assets.xcassets */; };
		4354030029835707005FE57E /* LaunchScreen.storyboard in Resources */ = {isa = PBXBuildFile; fileRef = 435402FE29835707005FE57E /* LaunchScreen.storyboard */; };
		43FBC65F2990149600190B8F /* DetailViewController.swift in Sources */ = {isa = PBXBuildFile; fileRef = 43FBC65E2990149600190B8F /* DetailViewController.swift */; };
		43FBC6612990173100190B8F /* Storm.swift in Sources */ = {isa = PBXBuildFile; fileRef = 43FBC6602990173100190B8F /* Storm.swift */; };
/* End PBXBuildFile section */

/* Begin PBXFileReference section */
		435402F029835705005FE57E /* My Story.app */ = {isa = PBXFileReference; explicitFileType = wrapper.application; includeInIndex = 0; path = "My Story.app"; sourceTree = BUILT_PRODUCTS_DIR; };
		435402F329835705005FE57E /* AppDelegate.swift */ = {isa = PBXFileReference; lastKnownFileType = sourcecode.swift; path = AppDelegate.swift; sourceTree = "<group>"; };
		435402F529835705005FE57E /* SceneDelegate.swift */ = {isa = PBXFileReference; lastKnownFileType = sourcecode.swift; path = SceneDelegate.swift; sourceTree = "<group>"; };
		435402F729835705005FE57E /* StormViewController.swift */ = {isa = PBXFileReference; lastKnownFileType = sourcecode.swift; name = StormViewController.swift; path = "/Users/efrainrodriguez/Library/Mobile Documents/com~apple~CloudDocs/FIU CLASSES /COP 4655 - Mobile Application Development/Unit 1 Project/My Story/My Story/StormViewController.swift"; sourceTree = "<absolute>"; };
		435402FA29835705005FE57E /* Base */ = {isa = PBXFileReference; lastKnownFileType = file.storyboard; name = Base; path = Base.lproj/Main.storyboard; sourceTree = "<group>"; };
		435402FC29835707005FE57E /* Assets.xcassets */ = {isa = PBXFileReference; lastKnownFileType = folder.assetcatalog; path = Assets.xcassets; sourceTree = "<group>"; };
		435402FF29835707005FE57E /* Base */ = {isa = PBXFileReference; lastKnownFileType = file.storyboard; name = Base; path = Base.lproj/LaunchScreen.storyboard; sourceTree = "<group>"; };
		4354030129835707005FE57E /* Info.plist */ = {isa = PBXFileReference; lastKnownFileType = text.plist.xml; path = Info.plist; sourceTree = "<group>"; };
		43FBC65E2990149600190B8F /* DetailViewController.swift */ = {isa = PBXFileReference; lastKnownFileType = sourcecode.swift; path = DetailViewController.swift; sourceTree = "<group>"; };
		43FBC6602990173100190B8F /* Storm.swift */ = {isa = PBXFileReference; lastKnownFileType = sourcecode.swift; path = Storm.swift; sourceTree = "<group>"; };
/* End PBXFileReference section */

/* Begin PBXFrameworksBuildPhase section */
		435402ED29835705005FE57E /* Frameworks */ = {
			isa = PBXFrameworksBuildPhase;
			buildActionMask = 2147483647;
			files = (
			);
			runOnlyForDeploymentPostprocessing = 0;
		};
/* End PBXFrameworksBuildPhase section */

/* Begin PBXGroup section */
		435402E729835705005FE57E = {
			isa = PBXGroup;
			children = (
				435402F229835705005FE57E /* My Story */,
				435402F129835705005FE57E /* Products */,
			);
			sourceTree = "<group>";
		};
		435402F129835705005FE57E /* Products */ = {
			isa = PBXGroup;
			children = (
				435402F029835705005FE57E /* My Story.app */,
			);
			name = Products;
			sourceTree = "<group>";
		};
		435402F229835705005FE57E /* My Story */ = {
			isa = PBXGroup;
			children = (
				435402F329835705005FE57E /* AppDelegate.swift */,
				435402F529835705005FE57E /* SceneDelegate.swift */,
				435402F729835705005FE57E /* StormViewController.swift */,
				43FBC6602990173100190B8F /* Storm.swift */,
				43FBC65E2990149600190B8F /* DetailViewController.swift */,
				435402F929835705005FE57E /* Main.storyboard */,
				435402FC29835707005FE57E /* Assets.xcassets */,
				435402FE29835707005FE57E /* LaunchScreen.storyboard */,
				4354030129835707005FE57E /* Info.plist */,
			);
			path = "My Story";
			sourceTree = "<group>";
		};
/* End PBXGroup section */

/* Begin PBXNativeTarget section */
		435402EF29835705005FE57E /* My Story */ = {
			isa = PBXNativeTarget;
			buildConfigurationList = 4354030429835707005FE57E /* Build configuration list for PBXNativeTarget "My Story" */;
			buildPhases = (
				435402EC29835705005FE57E /* Sources */,
				435402ED29835705005FE57E /* Frameworks */,
				435402EE29835705005FE57E /* Resources */,
			);
			buildRules = (
			);
			dependencies = (
			);
			name = "My Story";
			productName = "My Story";
			productReference = 435402F029835705005FE57E /* My Story.app */;
			productType = "com.apple.product-type.application";
		};
/* End PBXNativeTarget section */

/* Begin PBXProject section */
		435402E829835705005FE57E /* Project object */ = {
			isa = PBXProject;
			attributes = {
				BuildIndependentTargetsInParallel = 1;
				LastSwiftUpdateCheck = 1420;
				LastUpgradeCheck = 1420;
				TargetAttributes = {
					435402EF29835705005FE57E = {
						CreatedOnToolsVersion = 14.2;
					};
				};
			};
			buildConfigurationList = 435402EB29835705005FE57E /* Build configuration list for PBXProject "My Story" */;
			compatibilityVersion = "Xcode 14.0";
			developmentRegion = en;
			hasScannedForEncodings = 0;
			knownRegions = (
				en,
				Base,
			);
			mainGroup = 435402E729835705005FE57E;
			productRefGroup = 435402F129835705005FE57E /* Products */;
			projectDirPath = "";
			projectRoot = "";
			targets = (
				435402EF29835705005FE57E /* My Story */,
			);
		};
/* End PBXProject section */

/* Begin PBXResourcesBuildPhase section */
		435402EE29835705005FE57E /* Resources */ = {
			isa = PBXResourcesBuildPhase;
			buildActionMask = 2147483647;
			files = (
				4354030029835707005FE57E /* LaunchScreen.storyboard in Resources */,
				435402FD29835707005FE57E /* Assets.xcassets in Resources */,
				435402FB29835705005FE57E /* Main.storyboard in Resources */,
			);
			runOnlyForDeploymentPostprocessing = 0;
		};
/* End PBXResourcesBuildPhase section */

/* Begin PBXSourcesBuildPhase section */
		435402EC29835705005FE57E /* Sources */ = {
			isa = PBXSourcesBuildPhase;
			buildActionMask = 2147483647;
			files = (
				435402F829835705005FE57E /* StormViewController.swift in Sources */,
				435402F429835705005FE57E /* AppDelegate.swift in Sources */,
				435402F629835705005FE57E /* SceneDelegate.swift in Sources */,
				43FBC6612990173100190B8F /* Storm.swift in Sources */,
				43FBC65F2990149600190B8F /* DetailViewController.swift in Sources */,
			);
			runOnlyForDeploymentPostprocessing = 0;
		};
/* End PBXSourcesBuildPhase section */

/* Begin PBXVariantGroup section */
		435402F929835705005FE57E /* Main.storyboard */ = {
			isa = PBXVariantGroup;
			children = (
				435402FA29835705005FE57E /* Base */,
			);
			name = Main.storyboard;
			sourceTree = "<group>";
		};
		435402FE29835707005FE57E /* LaunchScreen.storyboard */ = {
			isa = PBXVariantGroup;
			children = (
				435402FF29835707005FE57E /* Base */,
			);
			name = LaunchScreen.storyboard;
			sourceTree = "<group>";
		};
/* End PBXVariantGroup section */

/* Begin XCBuildConfiguration section */
		4354030229835707005FE57E /* Debug */ = {
			isa = XCBuildConfiguration;
			buildSettings = {
				ALWAYS_SEARCH_USER_PATHS = NO;
				CLANG_ANALYZER_NONNULL = YES;
				CLANG_ANALYZER_NUMBER_OBJECT_CONVERSION = YES_AGGRESSIVE;
				CLANG_CXX_LANGUAGE_STANDARD = "gnu++20";
				CLANG_ENABLE_MODULES = YES;
				CLANG_ENABLE_OBJC_ARC = YES;
				CLANG_ENABLE_OBJC_WEAK = YES;
				CLANG_WARN_BLOCK_CAPTURE_AUTORELEASING = YES;
				CLANG_WARN_BOOL_CONVERSION = YES;
				CLANG_WARN_COMMA = YES;
				CLANG_WARN_CONSTANT_CONVERSION = YES;
				CLANG_WARN_DEPRECATED_OBJC_IMPLEMENTATIONS = YES;
				CLANG_WARN_DIRECT_OBJC_ISA_USAGE = YES_ERROR;
				CLANG_WARN_DOCUMENTATION_COMMENTS = YES;
				CLANG_WARN_EMPTY_BODY = YES;
				CLANG_WARN_ENUM_CONVERSION = YES;
				CLANG_WARN_INFINITE_RECURSION = YES;
				CLANG_WARN_INT_CONVERSION = YES;
				CLANG_WARN_NON_LITERAL_NULL_CONVERSION = YES;
				CLANG_WARN_OBJC_IMPLICIT_RETAIN_SELF = YES;
				CLANG_WARN_OBJC_LITERAL_CONVERSION = YES;
				CLANG_WARN_OBJC_ROOT_CLASS = YES_ERROR;
				CLANG_WARN_QUOTED_INCLUDE_IN_FRAMEWORK_HEADER = YES;
				CLANG_WARN_RANGE_LOOP_ANALYSIS = YES;
				CLANG_WARN_STRICT_PROTOTYPES = YES;
				CLANG_WARN_SUSPICIOUS_MOVE = YES;
				CLANG_WARN_UNGUARDED_AVAILABILITY = YES_AGGRESSIVE;
				CLANG_WARN_UNREACHABLE_CODE = YES;
				CLANG_WARN__DUPLICATE_METHOD_MATCH = YES;
				COPY_PHASE_STRIP = NO;
				DEBUG_INFORMATION_FORMAT = dwarf;
				ENABLE_STRICT_OBJC_MSGSEND = YES;
				ENABLE_TESTABILITY = YES;
				GCC_C_LANGUAGE_STANDARD = gnu11;
				GCC_DYNAMIC_NO_PIC = NO;
				GCC_NO_COMMON_BLOCKS = YES;
				GCC_OPTIMIZATION_LEVEL = 0;
				GCC_PREPROCESSOR_DEFINITIONS = (
					"DEBUG=1",
					"$(inherited)",
				);
				GCC_WARN_64_TO_32_BIT_CONVERSION = YES;
				GCC_WARN_ABOUT_RETURN_TYPE = YES_ERROR;
				GCC_WARN_UNDECLARED_SELECTOR = YES;
				GCC_WARN_UNINITIALIZED_AUTOS = YES_AGGRESSIVE;
				GCC_WARN_UNUSED_FUNCTION = YES;
				GCC_WARN_UNUSED_VARIABLE = YES;
				IPHONEOS_DEPLOYMENT_TARGET = 16.2;
				MTL_ENABLE_DEBUG_INFO = INCLUDE_SOURCE;
				MTL_FAST_MATH = YES;
				ONLY_ACTIVE_ARCH = YES;
				SDKROOT = iphoneos;
				SWIFT_ACTIVE_COMPILATION_CONDITIONS = DEBUG;
				SWIFT_OPTIMIZATION_LEVEL = "-Onone";
			};
			name = Debug;
		};
		4354030329835707005FE57E /* Release */ = {
			isa = XCBuildConfiguration;
			buildSettings = {
				ALWAYS_SEARCH_USER_PATHS = NO;
				CLANG_ANALYZER_NONNULL = YES;
				CLANG_ANALYZER_NUMBER_OBJECT_CONVERSION = YES_AGGRESSIVE;
				CLANG_CXX_LANGUAGE_STANDARD = "gnu++20";
				CLANG_ENABLE_MODULES = YES;
				CLANG_ENABLE_OBJC_ARC = YES;
				CLANG_ENABLE_OBJC_WEAK = YES;
				CLANG_WARN_BLOCK_CAPTURE_AUTORELEASING = YES;
				CLANG_WARN_BOOL_CONVERSION = YES;
				CLANG_WARN_COMMA = YES;
				CLANG_WARN_CONSTANT_CONVERSION = YES;
				CLANG_WARN_DEPRECATED_OBJC_IMPLEMENTATIONS = YES;
				CLANG_WARN_DIRECT_OBJC_ISA_USAGE = YES_ERROR;
				CLANG_WARN_DOCUMENTATION_COMMENTS = YES;
				CLANG_WARN_EMPTY_BODY = YES;
				CLANG_WARN_ENUM_CONVERSION = YES;
				CLANG_WARN_INFINITE_RECURSION = YES;
				CLANG_WARN_INT_CONVERSION = YES;
				CLANG_WARN_NON_LITERAL_NULL_CONVERSION = YES;
				CLANG_WARN_OBJC_IMPLICIT_RETAIN_SELF = YES;
				CLANG_WARN_OBJC_LITERAL_CONVERSION = YES;
				CLANG_WARN_OBJC_ROOT_CLASS = YES_ERROR;
				CLANG_WARN_QUOTED_INCLUDE_IN_FRAMEWORK_HEADER = YES;
				CLANG_WARN_RANGE_LOOP_ANALYSIS = YES;
				CLANG_WARN_STRICT_PROTOTYPES = YES;
				CLANG_WARN_SUSPICIOUS_MOVE = YES;
				CLANG_WARN_UNGUARDED_AVAILABILITY = YES_AGGRESSIVE;
				CLANG_WARN_UNREACHABLE_CODE = YES;
				CLANG_WARN__DUPLICATE_METHOD_MATCH = YES;
				COPY_PHASE_STRIP = NO;
				DEBUG_INFORMATION_FORMAT = "dwarf-with-dsym";
				ENABLE_NS_ASSERTIONS = NO;
				ENABLE_STRICT_OBJC_MSGSEND = YES;
				GCC_C_LANGUAGE_STANDARD = gnu11;
				GCC_NO_COMMON_BLOCKS = YES;
				GCC_WARN_64_TO_32_BIT_CONVERSION = YES;
				GCC_WARN_ABOUT_RETURN_TYPE = YES_ERROR;
				GCC_WARN_UNDECLARED_SELECTOR = YES;
				GCC_WARN_UNINITIALIZED_AUTOS = YES_AGGRESSIVE;
				GCC_WARN_UNUSED_FUNCTION = YES;
				GCC_WARN_UNUSED_VARIABLE = YES;
				IPHONEOS_DEPLOYMENT_TARGET = 16.2;
				MTL_ENABLE_DEBUG_INFO = NO;
				MTL_FAST_MATH = YES;
				SDKROOT = iphoneos;
				SWIFT_COMPILATION_MODE = wholemodule;
				SWIFT_OPTIMIZATION_LEVEL = "-O";
				VALIDATE_PRODUCT = YES;
			};
			name = Release;
		};
		4354030529835707005FE57E /* Debug */ = {
			isa = XCBuildConfiguration;
			buildSettings = {
				ASSETCATALOG_COMPILER_APPICON_NAME = AppIcon;
				ASSETCATALOG_COMPILER_GLOBAL_ACCENT_COLOR_NAME = AccentColor;
				CODE_SIGN_STYLE = Automatic;
				CURRENT_PROJECT_VERSION = 1;
				DEVELOPMENT_TEAM = MPLDRDXLZ4;
				GENERATE_INFOPLIST_FILE = YES;
				INFOPLIST_FILE = "My Story/Info.plist";
				INFOPLIST_KEY_UIApplicationSupportsIndirectInputEvents = YES;
				INFOPLIST_KEY_UILaunchStoryboardName = LaunchScreen;
				INFOPLIST_KEY_UIMainStoryboardFile = Main;
				INFOPLIST_KEY_UISupportedInterfaceOrientations_iPad = "UIInterfaceOrientationPortrait UIInterfaceOrientationPortraitUpsideDown UIInterfaceOrientationLandscapeLeft UIInterfaceOrientationLandscapeRight";
				INFOPLIST_KEY_UISupportedInterfaceOrientations_iPhone = "UIInterfaceOrientationPortrait UIInterfaceOrientationLandscapeLeft UIInterfaceOrientationLandscapeRight";
				LD_RUNPATH_SEARCH_PATHS = (
					"$(inherited)",
					"@executable_path/Frameworks",
				);
				MARKETING_VERSION = 1.0;
				PRODUCT_BUNDLE_IDENTIFIER = "com.swiftStarterApp.My-Story";
				PRODUCT_NAME = "$(TARGET_NAME)";
				SWIFT_EMIT_LOC_STRINGS = YES;
				SWIFT_VERSION = 5.0;
				TARGETED_DEVICE_FAMILY = "1,2";
			};
			name = Debug;
		};
		4354030629835707005FE57E /* Release */ = {
			isa = XCBuildConfiguration;
			buildSettings = {
				ASSETCATALOG_COMPILER_APPICON_NAME = AppIcon;
				ASSETCATALOG_COMPILER_GLOBAL_ACCENT_COLOR_NAME = AccentColor;
				CODE_SIGN_STYLE = Automatic;
				CURRENT_PROJECT_VERSION = 1;
				DEVELOPMENT_TEAM = MPLDRDXLZ4;
				GENERATE_INFOPLIST_FILE = YES;
				INFOPLIST_FILE = "My Story/Info.plist";
				INFOPLIST_KEY_UIApplicationSupportsIndirectInputEvents = YES;
				INFOPLIST_KEY_UILaunchStoryboardName = LaunchScreen;
				INFOPLIST_KEY_UIMainStoryboardFile = Main;
				INFOPLIST_KEY_UISupportedInterfaceOrientations_iPad = "UIInterfaceOrientationPortrait UIInterfaceOrientationPortraitUpsideDown UIInterfaceOrientationLandscapeLeft UIInterfaceOrientationLandscapeRight";
				INFOPLIST_KEY_UISupportedInterfaceOrientations_iPhone = "UIInterfaceOrientationPortrait UIInterfaceOrientationLandscapeLeft UIInterfaceOrientationLandscapeRight";
				LD_RUNPATH_SEARCH_PATHS = (
					"$(inherited)",
					"@executable_path/Frameworks",
				);
				MARKETING_VERSION = 1.0;
				PRODUCT_BUNDLE_IDENTIFIER = "com.swiftStarterApp.My-Story";
				PRODUCT_NAME = "$(TARGET_NAME)";
				SWIFT_EMIT_LOC_STRINGS = YES;
				SWIFT_VERSION = 5.0;
				TARGETED_DEVICE_FAMILY = "1,2";
			};
			name = Release;
		};
/* End XCBuildConfiguration section */

/* Begin XCConfigurationList section */
		435402EB29835705005FE57E /* Build configuration list for PBXProject "My Story" */ = {
			isa = XCConfigurationList;
			buildConfigurations = (
				4354030229835707005FE57E /* Debug */,
				4354030329835707005FE57E /* Release */,
			);
			defaultConfigurationIsVisible = 0;
			defaultConfigurationName = Release;
		};
		4354030429835707005FE57E /* Build configuration list for PBXNativeTarget "My Story" */ = {
			isa = XCConfigurationList;
			buildConfigurations = (
				4354030529835707005FE57E /* Debug */,
				4354030629835707005FE57E /* Release */,
			);
			defaultConfigurationIsVisible = 0;
			defaultConfigurationName = Release;
		};
/* End XCConfigurationList section */
	};
	rootObject = 435402E829835705005FE57E /* Project object */;
}
